
Microsoft Visual Studio Solution File, Format Version 12.00
# Visual Studio Version 17
VisualStudioVersion = 17.13.35825.156 d17.13
MinimumVisualStudioVersion = 10.0.40219.1
Project("{FAE04EC0-301F-11D3-BF4B-00C04F79EFBC}") = "SimpleHotelManagementSystem–OOPTask", "SimpleHotelManagementSystem–OOPTask.csproj", "{981C74D1-836E-4BEC-A658-FFB09C76C682}"
EndProject
Global
	GlobalSection(SolutionConfigurationPlatforms) = preSolution
		Debug|Any CPU = Debug|Any CPU
		Release|Any CPU = Release|Any CPU
	EndGlobalSection
	GlobalSection(ProjectConfigurationPlatforms) = postSolution
		{981C74D1-836E-4BEC-A658-FFB09C76C682}.Debug|Any CPU.ActiveCfg = Debug|Any CPU
		{981C74D1-836E-4BEC-A658-FFB09C76C682}.Debug|Any CPU.Build.0 = Debug|Any CPU
		{981C74D1-836E-4BEC-A658-FFB09C76C682}.Release|Any CPU.ActiveCfg = Release|Any CPU
		{981C74D1-836E-4BEC-A658-FFB09C76C682}.Release|Any CPU.Build.0 = Release|Any CPU
	EndGlobalSection
	GlobalSection(SolutionProperties) = preSolution
		HideSolutionNode = FALSE
	EndGlobalSection
	GlobalSection(ExtensibilityGlobals) = postSolution
		SolutionGuid = {295D185D-7D11-4C82-8013-78E03D0D978E}
	EndGlobalSection
EndGlobal
